
Microsoft Visual Studio Solution File, Format Version 12.00
# Visual Studio Version 17
VisualStudioVersion = 17.2.32630.192
MinimumVisualStudioVersion = 10.0.40219.1
Project("{FAE04EC0-301F-11D3-BF4B-00C04F79EFBC}") = "WebHMIWaveformAPISample", "WebHMIWaveformAPISample\WebHMIWaveformAPISample.csproj", "{49902577-E833-4229-BB3E-250723874146}"
EndProject
Global
	GlobalSection(SolutionConfigurationPlatforms) = preSolution
		Debug|Any CPU = Debug|Any CPU
		Release|Any CPU = Release|Any CPU
	EndGlobalSection
	GlobalSection(ProjectConfigurationPlatforms) = postSolution
		{49902577-E833-4229-BB3E-250723874146}.Debug|Any CPU.ActiveCfg = Debug|Any CPU
		{49902577-E833-4229-BB3E-250723874146}.Debug|Any CPU.Build.0 = Debug|Any CPU
		{49902577-E833-4229-BB3E-250723874146}.Release|Any CPU.ActiveCfg = Release|Any CPU
		{49902577-E833-4229-BB3E-250723874146}.Release|Any CPU.Build.0 = Release|Any CPU
	EndGlobalSection
	GlobalSection(SolutionProperties) = preSolution
		HideSolutionNode = FALSE
	EndGlobalSection
	GlobalSection(ExtensibilityGlobals) = postSolution
		SolutionGuid = {2E8F335F-30F0-42C9-97E9-8762FE88CB5A}
	EndGlobalSection
EndGlobal
